{
  "repository": "https://github.com/sauljabin/licensegh",
  "versions": [
    {
      "version": "Unreleased",
      "changes": [
        {
          "type": "Fixed",
          "entries": [
            "Update dependencies version",
            "Remove banner when printing license"
          ]
        }
      ]
    }
  ]
}